
Microsoft Visual Studio Solution File, Format Version 12.00
# Visual Studio Version 17
VisualStudioVersion = 17.14.37111.16
MinimumVisualStudioVersion = 10.0.40219.1
Project("{FAE04EC0-301F-11D3-BF4B-00C04F79EFBC}") = "GUI", "GUI\GUI.csproj", "{F1CD0141-13EC-490D-9452-5F30438C6BA9}"
EndProject
Project("{FAE04EC0-301F-11D3-BF4B-00C04F79EFBC}") = "DTO", "DTO\DTO.csproj", "{95340192-1E13-42F7-8222-5516B9B26B93}"
EndProject
Project("{FAE04EC0-301F-11D3-BF4B-00C04F79EFBC}") = "BUS", "BUS\BUS.csproj", "{7B90B2FD-427F-48A3-AFD5-284CCB1CB81A}"
EndProject
Project("{FAE04EC0-301F-11D3-BF4B-00C04F79EFBC}") = "DAL", "DAL\DAL.csproj", "{9961A33B-F5EF-49EB-9387-B90FB29A37B6}"
EndProject
Global
	GlobalSection(SolutionConfigurationPlatforms) = preSolution
		Debug|Any CPU = Debug|Any CPU
		Release|Any CPU = Release|Any CPU
	EndGlobalSection
	GlobalSection(ProjectConfigurationPlatforms) = postSolution
		{F1CD0141-13EC-490D-9452-5F30438C6BA9}.Debug|Any CPU.ActiveCfg = Debug|Any CPU
		{F1CD0141-13EC-490D-9452-5F30438C6BA9}.Debug|Any CPU.Build.0 = Debug|Any CPU
		{F1CD0141-13EC-490D-9452-5F30438C6BA9}.Release|Any CPU.ActiveCfg = Release|Any CPU
		{F1CD0141-13EC-490D-9452-5F30438C6BA9}.Release|Any CPU.Build.0 = Release|Any CPU
		{95340192-1E13-42F7-8222-5516B9B26B93}.Debug|Any CPU.ActiveCfg = Debug|Any CPU
		{95340192-1E13-42F7-8222-5516B9B26B93}.Debug|Any CPU.Build.0 = Debug|Any CPU
		{95340192-1E13-42F7-8222-5516B9B26B93}.Release|Any CPU.ActiveCfg = Release|Any CPU
		{95340192-1E13-42F7-8222-5516B9B26B93}.Release|Any CPU.Build.0 = Release|Any CPU
		{7B90B2FD-427F-48A3-AFD5-284CCB1CB81A}.Debug|Any CPU.ActiveCfg = Debug|Any CPU
		{7B90B2FD-427F-48A3-AFD5-284CCB1CB81A}.Debug|Any CPU.Build.0 = Debug|Any CPU
		{7B90B2FD-427F-48A3-AFD5-284CCB1CB81A}.Release|Any CPU.ActiveCfg = Release|Any CPU
		{7B90B2FD-427F-48A3-AFD5-284CCB1CB81A}.Release|Any CPU.Build.0 = Release|Any CPU
		{9961A33B-F5EF-49EB-9387-B90FB29A37B6}.Debug|Any CPU.ActiveCfg = Debug|Any CPU
		{9961A33B-F5EF-49EB-9387-B90FB29A37B6}.Debug|Any CPU.Build.0 = Debug|Any CPU
		{9961A33B-F5EF-49EB-9387-B90FB29A37B6}.Release|Any CPU.ActiveCfg = Release|Any CPU
		{9961A33B-F5EF-49EB-9387-B90FB29A37B6}.Release|Any CPU.Build.0 = Release|Any CPU
	EndGlobalSection
	GlobalSection(SolutionProperties) = preSolution
		HideSolutionNode = FALSE
	EndGlobalSection
	GlobalSection(ExtensibilityGlobals) = postSolution
		SolutionGuid = {419D3ADA-AD5B-4AC1-99E0-9B45CABD9C9F}
	EndGlobalSection
EndGlobal
